PODS:
  - Flutter (1.0.0)
  - flutter_sim_check (0.0.2):
    - Flutter

DEPENDENCIES:
  - Flutter (from `Flutter`)
  - flutter_sim_check (from `.symlinks/plugins/flutter_sim_check/ios`)

EXTERNAL SOURCES:
  Flutter:
    :path: Flutter
  flutter_sim_check:
    :path: ".symlinks/plugins/flutter_sim_check/ios"

SPEC CHECKSUMS:
  Flutter: cabc95a1d2626b1b06e7179b784ebcf0c0cde467
  flutter_sim_check: 83d85d56b6516e7afc7a638240ce094f765fafc0

PODFILE CHECKSUM: 251cb053df7158f337c0712f2ab29f4e0fa474ce

COCOAPODS: 1.16.2
